
Microsoft Visual Studio Solution File, Format Version 12.00
# Visual Studio 15
VisualStudioVersion = 15.0.26730.16
MinimumVisualStudioVersion = 10.0.40219.1
Project("{8BC9CEB8-8B4A-11D0-8D11-00A0C91BC942}") = "xorlltest", "xorlltest\xorlltest.vcxproj", "{7B32E5CF-9F01-48A5-88B6-01025326218C}"
EndProject
Project("{8BC9CEB8-8B4A-11D0-8D11-00A0C91BC942}") = "xorlinkedlist", "xorlinkedlist\xorlinkedlist.vcxproj", "{BC8D73F3-3410-437D-B14F-E8FDD5F5F415}"
EndProject
Global
	GlobalSection(SolutionConfigurationPlatforms) = preSolution
		Debug|x64 = Debug|x64
		Debug|x86 = Debug|x86
		Release|x64 = Release|x64
		Release|x86 = Release|x86
	EndGlobalSection
	GlobalSection(ProjectConfigurationPlatforms) = postSolution
		{7B32E5CF-9F01-48A5-88B6-01025326218C}.Debug|x64.ActiveCfg = Debug|x64
		{7B32E5CF-9F01-48A5-88B6-01025326218C}.Debug|x64.Build.0 = Debug|x64
		{7B32E5CF-9F01-48A5-88B6-01025326218C}.Debug|x86.ActiveCfg = Debug|Win32
		{7B32E5CF-9F01-48A5-88B6-01025326218C}.Debug|x86.Build.0 = Debug|Win32
		{7B32E5CF-9F01-48A5-88B6-01025326218C}.Release|x64.ActiveCfg = Release|x64
		{7B32E5CF-9F01-48A5-88B6-01025326218C}.Release|x64.Build.0 = Release|x64
		{7B32E5CF-9F01-48A5-88B6-01025326218C}.Release|x86.ActiveCfg = Release|Win32
		{7B32E5CF-9F01-48A5-88B6-01025326218C}.Release|x86.Build.0 = Release|Win32
		{BC8D73F3-3410-437D-B14F-E8FDD5F5F415}.Debug|x64.ActiveCfg = Debug|x64
		{BC8D73F3-3410-437D-B14F-E8FDD5F5F415}.Debug|x64.Build.0 = Debug|x64
		{BC8D73F3-3410-437D-B14F-E8FDD5F5F415}.Debug|x86.ActiveCfg = Debug|Win32
		{BC8D73F3-3410-437D-B14F-E8FDD5F5F415}.Debug|x86.Build.0 = Debug|Win32
		{BC8D73F3-3410-437D-B14F-E8FDD5F5F415}.Release|x64.ActiveCfg = Release|x64
		{BC8D73F3-3410-437D-B14F-E8FDD5F5F415}.Release|x64.Build.0 = Release|x64
		{BC8D73F3-3410-437D-B14F-E8FDD5F5F415}.Release|x86.ActiveCfg = Release|Win32
		{BC8D73F3-3410-437D-B14F-E8FDD5F5F415}.Release|x86.Build.0 = Release|Win32
	EndGlobalSection
	GlobalSection(SolutionProperties) = preSolution
		HideSolutionNode = FALSE
	EndGlobalSection
	GlobalSection(ExtensibilityGlobals) = postSolution
		SolutionGuid = {97AC416F-C814-4C7E-B0ED-CA09D39D24FD}
	EndGlobalSection
EndGlobal
